PODS:
  - Alamofire (3.5.0)
  - AmazonS3RequestManager (1.0.0):
    - Alamofire (~> 3.0)
    - SWXMLHash (~> 2.0)
  - Nimble (4.1.0)
  - Nocilla (0.11.0)
  - Quick (0.8.0)
  - SWXMLHash (2.5.1)

DEPENDENCIES:
  - AmazonS3RequestManager (from `../`)
  - Nimble (~> 4.0)
  - Nocilla (~> 0.10)
  - Quick (~> 0.8.0)

EXTERNAL SOURCES:
  AmazonS3RequestManager:
    :path: ../

SPEC CHECKSUMS:
  Alamofire: b70a7352335f8ea5babd0a923eb7e8eacc67b877
  AmazonS3RequestManager: 6ae2ef134d517212ba3d10b998854cbbb1906f6d
  Nimble: 97a0a4cae5124c117115634b2d055d8c97d0af19
  Nocilla: 7af7a386071150cc8aa5da4da97d060f049dd61c
  Quick: 563d0f6ec5f72e394645adb377708639b7dd38ab
  SWXMLHash: 89929225cad9c70ff96dcce54a19ddb2b1a18a69

PODFILE CHECKSUM: 03e135f84b986898f59c67105552f86291dee2fb

COCOAPODS: 1.1.0.rc.1
