PODS:
  - Alamofire (4.0.0)
  - AmazonS3RequestManager (1.0.1):
    - Alamofire (~> 4.0)
    - SWXMLHash (~> 3.0)
  - Nimble (5.0.0-alpha.30p1)
  - Nocilla (0.11.0)
  - Quick (0.9.3)
  - SWXMLHash (3.0.1)

DEPENDENCIES:
  - AmazonS3RequestManager (from `../`)
  - Nimble (from `https://github.com/Quick/Nimble`, branch `master`)
  - Nocilla (~> 0.10)
  - Quick (from `https://github.com/Quick/Quick.git`, branch `swift-3.0`)

EXTERNAL SOURCES:
  AmazonS3RequestManager:
    :path: "../"
  Nimble:
    :branch: master
    :git: https://github.com/Quick/Nimble
  Quick:
    :branch: swift-3.0
    :git: https://github.com/Quick/Quick.git

CHECKOUT OPTIONS:
  Nimble:
    :commit: fcc28b23f57b30382e5f182c238674694d7174cb
    :git: https://github.com/Quick/Nimble
  Quick:
    :commit: 8f2bc636ecfa2cc20696f62548b38d4ab943e299
    :git: https://github.com/Quick/Quick.git

SPEC CHECKSUMS:
  Alamofire: fef59f00388f267e52d9b432aa5d93dc97190f14
  AmazonS3RequestManager: 17742ae205f2a0cfc5481d9ef1df0ba98967322d
  Nimble: c5b995b4cd57789ec44b0cfb79640fc00e61a8c7
  Nocilla: 7af7a386071150cc8aa5da4da97d060f049dd61c
  Quick: 31fb576b6cbb6b028cc5e0016e4366accbb346f5
  SWXMLHash: 79eabb11850b8f6c32d08d60409f203e1d0e5f45

PODFILE CHECKSUM: 72fc939a31af8265ef6c5b9f4977e5abb9662c61

COCOAPODS: 1.1.0.rc.2
