{
  "object": {
    "pins": [
      {
        "package": "Alamofire",
        "repositoryURL": "https://github.com/Alamofire/Alamofire.git",
        "state": {
          "branch": null,
          "revision": "747c8db8d57b68d5e35275f10c92d55f982adbd4",
          "version": "4.9.1"
        }
      },
      {
        "package": "CryptoSwift",
        "repositoryURL": "https://github.com/krzyzanowskim/CryptoSwift.git",
        "state": {
          "branch": null,
          "revision": "8d4f6384e0a8cc41f2005247241dd553963a492a",
          "version": "1.4.1"
        }
      },
      {
        "package": "SWXMLHash",
        "repositoryURL": "https://github.com/drmohundro/SWXMLHash.git",
        "state": {
          "branch": null,
          "revision": "f43166a8e18fdd0857f29e303b1bb79a5428bca0",
          "version": "4.9.0"
        }
      }
    ]
  },
  "version": 1
}
