PODS:
  - Alamofire (3.0.0-beta.1)
  - Nimble (2.0.0-rc.3)
  - Quick (0.6.0)

DEPENDENCIES:
  - Alamofire (= 3.0.0-beta.1)
  - Nimble (= 2.0.0-rc.3)
  - Quick (~> 0.6.0)

SPEC CHECKSUMS:
  Alamofire: b1b493dfb758bb73e6eafce616ea529aca18b2ad
  Nimble: 9dff98ee195ffe7351d3b2fb01d3a1420fd97948
  Quick: 563686dbcf0ae0f9f7401ac9cd2d786ee1b7f3d7

COCOAPODS: 0.38.2
