// !$*UTF8*$!
{
	archiveVersion = 1;
	classes = {
	};
	objectVersion = 46;
	objects = {

/* Begin PBXBuildFile section */
		3546FCD30FF1C1D2957DEC16 /* Pods_TVOS_Tests.framework in Frameworks */ = {isa = PBXBuildFile; fileRef = 31BA16B45781513457BFB8B4 /* Pods_TVOS_Tests.framework */; };
		3ECBF570F04C6A6B6FE03A87 /* Pods_OSX_Example.framework in Frameworks */ = {isa = PBXBuildFile; fileRef = CF7954DF582C4DD94BE56EF3 /* Pods_OSX_Example.framework */; };
		481A496F2B0720D9C4675E4B /* Pods_iOS_Tests.framework in Frameworks */ = {isa = PBXBuildFile; fileRef = 2037978E0BE6545425EBDAD4 /* Pods_iOS_Tests.framework */; };
		5F8BC68B20FC1FF2F3E9989B /* Pods_iOS_Example.framework in Frameworks */ = {isa = PBXBuildFile; fileRef = 6E754B192A1CDFC5DAC728E3 /* Pods_iOS_Example.framework */; };
		607FACD61AFB9204008FA782 /* AppDelegate.swift in Sources */ = {isa = PBXBuildFile; fileRef = 607FACD51AFB9204008FA782 /* AppDelegate.swift */; };
		607FACD81AFB9204008FA782 /* ViewController.swift in Sources */ = {isa = PBXBuildFile; fileRef = 607FACD71AFB9204008FA782 /* ViewController.swift */; };
		607FACDB1AFB9204008FA782 /* Main.storyboard in Resources */ = {isa = PBXBuildFile; fileRef = 607FACD91AFB9204008FA782 /* Main.storyboard */; };
		607FACDD1AFB9204008FA782 /* Images.xcassets in Resources */ = {isa = PBXBuildFile; fileRef = 607FACDC1AFB9204008FA782 /* Images.xcassets */; };
		607FACE01AFB9204008FA782 /* LaunchScreen.xib in Resources */ = {isa = PBXBuildFile; fileRef = 607FACDE1AFB9204008FA782 /* LaunchScreen.xib */; };
		62A4FAED00C03B05AF9393BC /* Pods_TVOS_Example.framework in Frameworks */ = {isa = PBXBuildFile; fileRef = B6E9F21903338D63BD267046 /* Pods_TVOS_Example.framework */; };
		76ACAA46A373D3E11F4A2908 /* Pods_OSX_Tests.framework in Frameworks */ = {isa = PBXBuildFile; fileRef = 7FEA34F84430F21CB94BDABB /* Pods_OSX_Tests.framework */; };
		928CAABD1E5CCDFC002D52A1 /* AmazonS3ResponseSerializationTests.swift in Sources */ = {isa = PBXBuildFile; fileRef = 92E8C3EC1C4EF62400759119 /* AmazonS3ResponseSerializationTests.swift */; };
		928CAABE1E5CCDFC002D52A1 /* AmazonS3ResponseObjectTests.swift in Sources */ = {isa = PBXBuildFile; fileRef = F3229E3E1C9D28D500848C84 /* AmazonS3ResponseObjectTests.swift */; };
		928CAABF1E5CCDFC002D52A1 /* AmazonS3SignatureHelpersTests.swift in Sources */ = {isa = PBXBuildFile; fileRef = F3DD8F0E1CBD1036008E8EB4 /* AmazonS3SignatureHelpersTests.swift */; };
		928CAAC01E5CCDFC002D52A1 /* AmazonS3ACLTests.swift in Sources */ = {isa = PBXBuildFile; fileRef = 92E8C3E91C4EF62400759119 /* AmazonS3ACLTests.swift */; };
		928CAAC11E5CCDFC002D52A1 /* AmazonS3RequestSerializerTests.swift in Sources */ = {isa = PBXBuildFile; fileRef = 92E8C3EB1C4EF62400759119 /* AmazonS3RequestSerializerTests.swift */; };
		928CAAC21E5CCDFC002D52A1 /* AmazonS3RequestManagerTests.swift in Sources */ = {isa = PBXBuildFile; fileRef = 92E8C3EA1C4EF62400759119 /* AmazonS3RequestManagerTests.swift */; };
		928CAAD61E5CCF9B002D52A1 /* AppDelegate.swift in Sources */ = {isa = PBXBuildFile; fileRef = 928CAAD01E5CCF9B002D52A1 /* AppDelegate.swift */; };
		928CAAD71E5CCF9B002D52A1 /* Assets.xcassets in Resources */ = {isa = PBXBuildFile; fileRef = 928CAAD11E5CCF9B002D52A1 /* Assets.xcassets */; };
		928CAADA1E5CCF9B002D52A1 /* ViewController.swift in Sources */ = {isa = PBXBuildFile; fileRef = 928CAAD51E5CCF9B002D52A1 /* ViewController.swift */; };
		928CAADC1E5CD0B8002D52A1 /* Main.storyboard in Resources */ = {isa = PBXBuildFile; fileRef = 928CAADB1E5CD0B8002D52A1 /* Main.storyboard */; };
		92A2B7071C51857200CA1967 /* Default-568h@2x.png in Resources */ = {isa = PBXBuildFile; fileRef = 92A2B7061C51857200CA1967 /* Default-568h@2x.png */; };
		92E8C3ED1C4EF62400759119 /* AmazonS3ACLTests.swift in Sources */ = {isa = PBXBuildFile; fileRef = 92E8C3E91C4EF62400759119 /* AmazonS3ACLTests.swift */; };
		92E8C3EE1C4EF62400759119 /* AmazonS3RequestManagerTests.swift in Sources */ = {isa = PBXBuildFile; fileRef = 92E8C3EA1C4EF62400759119 /* AmazonS3RequestManagerTests.swift */; };
		92E8C3EF1C4EF62400759119 /* AmazonS3RequestSerializerTests.swift in Sources */ = {isa = PBXBuildFile; fileRef = 92E8C3EB1C4EF62400759119 /* AmazonS3RequestSerializerTests.swift */; };
		92E8C3F01C4EF62400759119 /* AmazonS3ResponseSerializationTests.swift in Sources */ = {isa = PBXBuildFile; fileRef = 92E8C3EC1C4EF62400759119 /* AmazonS3ResponseSerializationTests.swift */; };
		92E8C40E1C4EFAC900759119 /* AppDelegate.swift in Sources */ = {isa = PBXBuildFile; fileRef = 92E8C40D1C4EFAC900759119 /* AppDelegate.swift */; };
		92E8C4101C4EFAC900759119 /* ViewController.swift in Sources */ = {isa = PBXBuildFile; fileRef = 92E8C40F1C4EFAC900759119 /* ViewController.swift */; };
		92E8C4121C4EFAC900759119 /* Assets.xcassets in Resources */ = {isa = PBXBuildFile; fileRef = 92E8C4111C4EFAC900759119 /* Assets.xcassets */; };
		92E8C4151C4EFAC900759119 /* Main.storyboard in Resources */ = {isa = PBXBuildFile; fileRef = 92E8C4131C4EFAC900759119 /* Main.storyboard */; };
		92E8C4371C4EFD4400759119 /* AmazonS3ACLTests.swift in Sources */ = {isa = PBXBuildFile; fileRef = 92E8C3E91C4EF62400759119 /* AmazonS3ACLTests.swift */; };
		92E8C4381C4EFD4600759119 /* AmazonS3RequestManagerTests.swift in Sources */ = {isa = PBXBuildFile; fileRef = 92E8C3EA1C4EF62400759119 /* AmazonS3RequestManagerTests.swift */; };
		92E8C4391C4EFD4800759119 /* AmazonS3RequestSerializerTests.swift in Sources */ = {isa = PBXBuildFile; fileRef = 92E8C3EB1C4EF62400759119 /* AmazonS3RequestSerializerTests.swift */; };
		92E8C43A1C4EFD4A00759119 /* AmazonS3ResponseSerializationTests.swift in Sources */ = {isa = PBXBuildFile; fileRef = 92E8C3EC1C4EF62400759119 /* AmazonS3ResponseSerializationTests.swift */; };
		F3229E3F1C9D28D600848C84 /* AmazonS3ResponseObjectTests.swift in Sources */ = {isa = PBXBuildFile; fileRef = F3229E3E1C9D28D500848C84 /* AmazonS3ResponseObjectTests.swift */; };
		F3229E401C9D28D600848C84 /* AmazonS3ResponseObjectTests.swift in Sources */ = {isa = PBXBuildFile; fileRef = F3229E3E1C9D28D500848C84 /* AmazonS3ResponseObjectTests.swift */; };
		F3DD8F0F1CBD1036008E8EB4 /* AmazonS3SignatureHelpersTests.swift in Sources */ = {isa = PBXBuildFile; fileRef = F3DD8F0E1CBD1036008E8EB4 /* AmazonS3SignatureHelpersTests.swift */; };
		F3DD8F101CBD103C008E8EB4 /* AmazonS3SignatureHelpersTests.swift in Sources */ = {isa = PBXBuildFile; fileRef = F3DD8F0E1CBD1036008E8EB4 /* AmazonS3SignatureHelpersTests.swift */; };
/* End PBXBuildFile section */

/* Begin PBXContainerItemProxy section */
		607FACE61AFB9204008FA782 /* PBXContainerItemProxy */ = {
			isa = PBXContainerItemProxy;
			containerPortal = 607FACC81AFB9204008FA782 /* Project object */;
			proxyType = 1;
			remoteGlobalIDString = 607FACCF1AFB9204008FA782;
			remoteInfo = AmazonS3RequestManager;
		};
		928CAACD1E5CCEEB002D52A1 /* PBXContainerItemProxy */ = {
			isa = PBXContainerItemProxy;
			containerPortal = 607FACC81AFB9204008FA782 /* Project object */;
			proxyType = 1;
			remoteGlobalIDString = 928CAAA71E5CCDF0002D52A1;
			remoteInfo = "TVOS-Example";
		};
		92E8C4321C4EFC6900759119 /* PBXContainerItemProxy */ = {
			isa = PBXContainerItemProxy;
			containerPortal = 607FACC81AFB9204008FA782 /* Project object */;
			proxyType = 1;
			remoteGlobalIDString = 92E8C40A1C4EFAC800759119;
			remoteInfo = "OSX-Example";
		};
/* End PBXContainerItemProxy section */

/* Begin PBXFileReference section */
		02727C1A32FF9467F6726C11 /* Pods-OSX-Example.release.xcconfig */ = {isa = PBXFileReference; includeInIndex = 1; lastKnownFileType = text.xcconfig; name = "Pods-OSX-Example.release.xcconfig"; path = "Pods/Target Support Files/Pods-OSX-Example/Pods-OSX-Example.release.xcconfig"; sourceTree = "<group>"; };
		0680D3D24BE67FEDA1EC7996 /* Pods-iOS-Tests.debug.xcconfig */ = {isa = PBXFileReference; includeInIndex = 1; lastKnownFileType = text.xcconfig; name = "Pods-iOS-Tests.debug.xcconfig"; path = "Pods/Target Support Files/Pods-iOS-Tests/Pods-iOS-Tests.debug.xcconfig"; sourceTree = "<group>"; };
		2037978E0BE6545425EBDAD4 /* Pods_iOS_Tests.framework */ = {isa = PBXFileReference; explicitFileType = wrapper.framework; includeInIndex = 0; path = Pods_iOS_Tests.framework; sourceTree = BUILT_PRODUCTS_DIR; };
		245B0C4C641B7737D33F5A7D /* Pods-TVOS-Example.debug.xcconfig */ = {isa = PBXFileReference; includeInIndex = 1; lastKnownFileType = text.xcconfig; name = "Pods-TVOS-Example.debug.xcconfig"; path = "Pods/Target Support Files/Pods-TVOS-Example/Pods-TVOS-Example.debug.xcconfig"; sourceTree = "<group>"; };
		262EC3C61C949640A2CF8614 /* Pods-TVOS-Tests.release.xcconfig */ = {isa = PBXFileReference; includeInIndex = 1; lastKnownFileType = text.xcconfig; name = "Pods-TVOS-Tests.release.xcconfig"; path = "Pods/Target Support Files/Pods-TVOS-Tests/Pods-TVOS-Tests.release.xcconfig"; sourceTree = "<group>"; };
		31BA16B45781513457BFB8B4 /* Pods_TVOS_Tests.framework */ = {isa = PBXFileReference; explicitFileType = wrapper.framework; includeInIndex = 0; path = Pods_TVOS_Tests.framework; sourceTree = BUILT_PRODUCTS_DIR; };
		42ED1C0C7E591FBEA515ED92 /* LICENSE */ = {isa = PBXFileReference; includeInIndex = 1; lastKnownFileType = text; name = LICENSE; path = ../LICENSE; sourceTree = "<group>"; };
		54F114E238385B6BDB61CB26 /* Pods-OSX-Example.debug.xcconfig */ = {isa = PBXFileReference; includeInIndex = 1; lastKnownFileType = text.xcconfig; name = "Pods-OSX-Example.debug.xcconfig"; path = "Pods/Target Support Files/Pods-OSX-Example/Pods-OSX-Example.debug.xcconfig"; sourceTree = "<group>"; };
		5FDEE5E53EEC87745C3E8955 /* AmazonS3RequestManager.podspec */ = {isa = PBXFileReference; includeInIndex = 1; lastKnownFileType = text; name = AmazonS3RequestManager.podspec; path = ../AmazonS3RequestManager.podspec; sourceTree = "<group>"; };
		607FACD01AFB9204008FA782 /* iOS-Example.app */ = {isa = PBXFileReference; explicitFileType = wrapper.application; includeInIndex = 0; path = "iOS-Example.app"; sourceTree = BUILT_PRODUCTS_DIR; };
		607FACD41AFB9204008FA782 /* Info.plist */ = {isa = PBXFileReference; lastKnownFileType = text.plist.xml; path = Info.plist; sourceTree = "<group>"; };
		607FACD51AFB9204008FA782 /* AppDelegate.swift */ = {isa = PBXFileReference; lastKnownFileType = sourcecode.swift; path = AppDelegate.swift; sourceTree = "<group>"; };
		607FACD71AFB9204008FA782 /* ViewController.swift */ = {isa = PBXFileReference; lastKnownFileType = sourcecode.swift; path = ViewController.swift; sourceTree = "<group>"; };
		607FACDA1AFB9204008FA782 /* Base */ = {isa = PBXFileReference; lastKnownFileType = file.storyboard; name = Base; path = Base.lproj/Main.storyboard; sourceTree = "<group>"; };
		607FACDC1AFB9204008FA782 /* Images.xcassets */ = {isa = PBXFileReference; lastKnownFileType = folder.assetcatalog; path = Images.xcassets; sourceTree = "<group>"; };
		607FACDF1AFB9204008FA782 /* Base */ = {isa = PBXFileReference; lastKnownFileType = file.xib; name = Base; path = Base.lproj/LaunchScreen.xib; sourceTree = "<group>"; };
		607FACE51AFB9204008FA782 /* iOS-Tests.xctest */ = {isa = PBXFileReference; explicitFileType = wrapper.cfbundle; includeInIndex = 0; path = "iOS-Tests.xctest"; sourceTree = BUILT_PRODUCTS_DIR; };
		607FACEA1AFB9204008FA782 /* Info.plist */ = {isa = PBXFileReference; lastKnownFileType = text.plist.xml; path = Info.plist; sourceTree = "<group>"; };
		69547BB8FA50E70AE38BD859 /* Pods-TVOS-Example.release.xcconfig */ = {isa = PBXFileReference; includeInIndex = 1; lastKnownFileType = text.xcconfig; name = "Pods-TVOS-Example.release.xcconfig"; path = "Pods/Target Support Files/Pods-TVOS-Example/Pods-TVOS-Example.release.xcconfig"; sourceTree = "<group>"; };
		6E754B192A1CDFC5DAC728E3 /* Pods_iOS_Example.framework */ = {isa = PBXFileReference; explicitFileType = wrapper.framework; includeInIndex = 0; path = Pods_iOS_Example.framework; sourceTree = BUILT_PRODUCTS_DIR; };
		7FEA34F84430F21CB94BDABB /* Pods_OSX_Tests.framework */ = {isa = PBXFileReference; explicitFileType = wrapper.framework; includeInIndex = 0; path = Pods_OSX_Tests.framework; sourceTree = BUILT_PRODUCTS_DIR; };
		884ACA65B311A8F4DEF52C37 /* README.md */ = {isa = PBXFileReference; includeInIndex = 1; lastKnownFileType = net.daringfireball.markdown; name = README.md; path = ../README.md; sourceTree = "<group>"; };
		928CAAB61E5CCDF0002D52A1 /* TVOS-Example.app */ = {isa = PBXFileReference; explicitFileType = wrapper.application; includeInIndex = 0; path = "TVOS-Example.app"; sourceTree = BUILT_PRODUCTS_DIR; };
		928CAACB1E5CCDFC002D52A1 /* TVOS-Tests.xctest */ = {isa = PBXFileReference; explicitFileType = wrapper.cfbundle; includeInIndex = 0; path = "TVOS-Tests.xctest"; sourceTree = BUILT_PRODUCTS_DIR; };
		928CAACC1E5CCDFC002D52A1 /* Tests-Info.plist */ = {isa = PBXFileReference; lastKnownFileType = text.plist.xml; name = "Tests-Info.plist"; path = "/Users/Anthony/Documents/AMRepos/AmazonS3RequestManager/Example/TVOS-Example/Tests-Info.plist"; sourceTree = "<absolute>"; };
		928CAAD01E5CCF9B002D52A1 /* AppDelegate.swift */ = {isa = PBXFileReference; fileEncoding = 4; lastKnownFileType = sourcecode.swift; path = AppDelegate.swift; sourceTree = "<group>"; };
		928CAAD11E5CCF9B002D52A1 /* Assets.xcassets */ = {isa = PBXFileReference; lastKnownFileType = folder.assetcatalog; path = Assets.xcassets; sourceTree = "<group>"; };
		928CAAD51E5CCF9B002D52A1 /* ViewController.swift */ = {isa = PBXFileReference; fileEncoding = 4; lastKnownFileType = sourcecode.swift; path = ViewController.swift; sourceTree = "<group>"; };
		928CAADB1E5CD0B8002D52A1 /* Main.storyboard */ = {isa = PBXFileReference; fileEncoding = 4; lastKnownFileType = file.storyboard; path = Main.storyboard; sourceTree = "<group>"; };
		928CAADD1E5CD163002D52A1 /* Info.plist */ = {isa = PBXFileReference; fileEncoding = 4; lastKnownFileType = text.plist.xml; path = Info.plist; sourceTree = "<group>"; };
		92A2B7061C51857200CA1967 /* Default-568h@2x.png */ = {isa = PBXFileReference; lastKnownFileType = image.png; path = "Default-568h@2x.png"; sourceTree = "<group>"; };
		92E8C3E81C4EF62300759119 /* AmazonS3RequestManager_Tests-Bridging-Header.h */ = {isa = PBXFileReference; lastKnownFileType = sourcecode.c.h; path = "AmazonS3RequestManager_Tests-Bridging-Header.h"; sourceTree = "<group>"; };
		92E8C3E91C4EF62400759119 /* AmazonS3ACLTests.swift */ = {isa = PBXFileReference; fileEncoding = 4; lastKnownFileType = sourcecode.swift; path = AmazonS3ACLTests.swift; sourceTree = "<group>"; };
		92E8C3EA1C4EF62400759119 /* AmazonS3RequestManagerTests.swift */ = {isa = PBXFileReference; fileEncoding = 4; lastKnownFileType = sourcecode.swift; path = AmazonS3RequestManagerTests.swift; sourceTree = "<group>"; };
		92E8C3EB1C4EF62400759119 /* AmazonS3RequestSerializerTests.swift */ = {isa = PBXFileReference; fileEncoding = 4; indentWidth = 2; lastKnownFileType = sourcecode.swift; path = AmazonS3RequestSerializerTests.swift; sourceTree = "<group>"; };
		92E8C3EC1C4EF62400759119 /* AmazonS3ResponseSerializationTests.swift */ = {isa = PBXFileReference; fileEncoding = 4; indentWidth = 4; lastKnownFileType = sourcecode.swift; path = AmazonS3ResponseSerializationTests.swift; sourceTree = "<group>"; };
		92E8C40B1C4EFAC800759119 /* OSX-Example.app */ = {isa = PBXFileReference; explicitFileType = wrapper.application; includeInIndex = 0; path = "OSX-Example.app"; sourceTree = BUILT_PRODUCTS_DIR; };
		92E8C40D1C4EFAC900759119 /* AppDelegate.swift */ = {isa = PBXFileReference; lastKnownFileType = sourcecode.swift; path = AppDelegate.swift; sourceTree = "<group>"; };
		92E8C40F1C4EFAC900759119 /* ViewController.swift */ = {isa = PBXFileReference; lastKnownFileType = sourcecode.swift; path = ViewController.swift; sourceTree = "<group>"; };
		92E8C4111C4EFAC900759119 /* Assets.xcassets */ = {isa = PBXFileReference; lastKnownFileType = folder.assetcatalog; path = Assets.xcassets; sourceTree = "<group>"; };
		92E8C4141C4EFAC900759119 /* Base */ = {isa = PBXFileReference; lastKnownFileType = file.storyboard; name = Base; path = Base.lproj/Main.storyboard; sourceTree = "<group>"; };
		92E8C4161C4EFAC900759119 /* Info.plist */ = {isa = PBXFileReference; lastKnownFileType = text.plist.xml; path = Info.plist; sourceTree = "<group>"; };
		92E8C42D1C4EFC6900759119 /* OSX-Tests.xctest */ = {isa = PBXFileReference; explicitFileType = wrapper.cfbundle; includeInIndex = 0; path = "OSX-Tests.xctest"; sourceTree = BUILT_PRODUCTS_DIR; };
		B6E9F21903338D63BD267046 /* Pods_TVOS_Example.framework */ = {isa = PBXFileReference; explicitFileType = wrapper.framework; includeInIndex = 0; path = Pods_TVOS_Example.framework; sourceTree = BUILT_PRODUCTS_DIR; };
		B8D48236544AE33422C5AE21 /* Pods-TVOS-Tests.debug.xcconfig */ = {isa = PBXFileReference; includeInIndex = 1; lastKnownFileType = text.xcconfig; name = "Pods-TVOS-Tests.debug.xcconfig"; path = "Pods/Target Support Files/Pods-TVOS-Tests/Pods-TVOS-Tests.debug.xcconfig"; sourceTree = "<group>"; };
		BC6FB0ECAAFF3E2559974573 /* Pods-iOS-Example.debug.xcconfig */ = {isa = PBXFileReference; includeInIndex = 1; lastKnownFileType = text.xcconfig; name = "Pods-iOS-Example.debug.xcconfig"; path = "Pods/Target Support Files/Pods-iOS-Example/Pods-iOS-Example.debug.xcconfig"; sourceTree = "<group>"; };
		C3E90E04E7DB02EAE2348E8F /* Pods-OSX-Tests.debug.xcconfig */ = {isa = PBXFileReference; includeInIndex = 1; lastKnownFileType = text.xcconfig; name = "Pods-OSX-Tests.debug.xcconfig"; path = "Pods/Target Support Files/Pods-OSX-Tests/Pods-OSX-Tests.debug.xcconfig"; sourceTree = "<group>"; };
		C4B9B05E3E793204AA44A7DC /* Pods-iOS-Tests.release.xcconfig */ = {isa = PBXFileReference; includeInIndex = 1; lastKnownFileType = text.xcconfig; name = "Pods-iOS-Tests.release.xcconfig"; path = "Pods/Target Support Files/Pods-iOS-Tests/Pods-iOS-Tests.release.xcconfig"; sourceTree = "<group>"; };
		CF7954DF582C4DD94BE56EF3 /* Pods_OSX_Example.framework */ = {isa = PBXFileReference; explicitFileType = wrapper.framework; includeInIndex = 0; path = Pods_OSX_Example.framework; sourceTree = BUILT_PRODUCTS_DIR; };
		E396FE314E31F937E620C9AA /* Pods-iOS-Example.release.xcconfig */ = {isa = PBXFileReference; includeInIndex = 1; lastKnownFileType = text.xcconfig; name = "Pods-iOS-Example.release.xcconfig"; path = "Pods/Target Support Files/Pods-iOS-Example/Pods-iOS-Example.release.xcconfig"; sourceTree = "<group>"; };
		EB60E86E5E26A196521F36DB /* Pods.framework */ = {isa = PBXFileReference; explicitFileType = wrapper.framework; includeInIndex = 0; path = Pods.framework; sourceTree = BUILT_PRODUCTS_DIR; };
		F3229E3E1C9D28D500848C84 /* AmazonS3ResponseObjectTests.swift */ = {isa = PBXFileReference; fileEncoding = 4; lastKnownFileType = sourcecode.swift; path = AmazonS3ResponseObjectTests.swift; sourceTree = "<group>"; };
		F3DD8F0E1CBD1036008E8EB4 /* AmazonS3SignatureHelpersTests.swift */ = {isa = PBXFileReference; fileEncoding = 4; indentWidth = 2; lastKnownFileType = sourcecode.swift; path = AmazonS3SignatureHelpersTests.swift; sourceTree = "<group>"; };
		F46BDD70BF9914C03C8E0DE5 /* Pods-OSX-Tests.release.xcconfig */ = {isa = PBXFileReference; includeInIndex = 1; lastKnownFileType = text.xcconfig; name = "Pods-OSX-Tests.release.xcconfig"; path = "Pods/Target Support Files/Pods-OSX-Tests/Pods-OSX-Tests.release.xcconfig"; sourceTree = "<group>"; };
/* End PBXFileReference section */

/* Begin PBXFrameworksBuildPhase section */
		607FACCD1AFB9204008FA782 /* Frameworks */ = {
			isa = PBXFrameworksBuildPhase;
			buildActionMask = 2147483647;
			files = (
				5F8BC68B20FC1FF2F3E9989B /* Pods_iOS_Example.framework in Frameworks */,
			);
			runOnlyForDeploymentPostprocessing = 0;
		};
		607FACE21AFB9204008FA782 /* Frameworks */ = {
			isa = PBXFrameworksBuildPhase;
			buildActionMask = 2147483647;
			files = (
				481A496F2B0720D9C4675E4B /* Pods_iOS_Tests.framework in Frameworks */,
			);
			runOnlyForDeploymentPostprocessing = 0;
		};
		928CAAAC1E5CCDF0002D52A1 /* Frameworks */ = {
			isa = PBXFrameworksBuildPhase;
			buildActionMask = 2147483647;
			files = (
				62A4FAED00C03B05AF9393BC /* Pods_TVOS_Example.framework in Frameworks */,
			);
			runOnlyForDeploymentPostprocessing = 0;
		};
		928CAAC31E5CCDFC002D52A1 /* Frameworks */ = {
			isa = PBXFrameworksBuildPhase;
			buildActionMask = 2147483647;
			files = (
				3546FCD30FF1C1D2957DEC16 /* Pods_TVOS_Tests.framework in Frameworks */,
			);
			runOnlyForDeploymentPostprocessing = 0;
		};
		92E8C4081C4EFAC800759119 /* Frameworks */ = {
			isa = PBXFrameworksBuildPhase;
			buildActionMask = 2147483647;
			files = (
				3ECBF570F04C6A6B6FE03A87 /* Pods_OSX_Example.framework in Frameworks */,
			);
			runOnlyForDeploymentPostprocessing = 0;
		};
		92E8C42A1C4EFC6900759119 /* Frameworks */ = {
			isa = PBXFrameworksBuildPhase;
			buildActionMask = 2147483647;
			files = (
				76ACAA46A373D3E11F4A2908 /* Pods_OSX_Tests.framework in Frameworks */,
			);
			runOnlyForDeploymentPostprocessing = 0;
		};
/* End PBXFrameworksBuildPhase section */

/* Begin PBXGroup section */
		350C5ABD2FAA176057674C48 /* Frameworks */ = {
			isa = PBXGroup;
			children = (
				EB60E86E5E26A196521F36DB /* Pods.framework */,
				CF7954DF582C4DD94BE56EF3 /* Pods_OSX_Example.framework */,
				7FEA34F84430F21CB94BDABB /* Pods_OSX_Tests.framework */,
				6E754B192A1CDFC5DAC728E3 /* Pods_iOS_Example.framework */,
				2037978E0BE6545425EBDAD4 /* Pods_iOS_Tests.framework */,
				B6E9F21903338D63BD267046 /* Pods_TVOS_Example.framework */,
				31BA16B45781513457BFB8B4 /* Pods_TVOS_Tests.framework */,
			);
			name = Frameworks;
			sourceTree = "<group>";
		};
		4B68BBFDD4C51AF3AF386E16 /* Pods */ = {
			isa = PBXGroup;
			children = (
				54F114E238385B6BDB61CB26 /* Pods-OSX-Example.debug.xcconfig */,
				02727C1A32FF9467F6726C11 /* Pods-OSX-Example.release.xcconfig */,
				C3E90E04E7DB02EAE2348E8F /* Pods-OSX-Tests.debug.xcconfig */,
				F46BDD70BF9914C03C8E0DE5 /* Pods-OSX-Tests.release.xcconfig */,
				BC6FB0ECAAFF3E2559974573 /* Pods-iOS-Example.debug.xcconfig */,
				E396FE314E31F937E620C9AA /* Pods-iOS-Example.release.xcconfig */,
				0680D3D24BE67FEDA1EC7996 /* Pods-iOS-Tests.debug.xcconfig */,
				C4B9B05E3E793204AA44A7DC /* Pods-iOS-Tests.release.xcconfig */,
				245B0C4C641B7737D33F5A7D /* Pods-TVOS-Example.debug.xcconfig */,
				69547BB8FA50E70AE38BD859 /* Pods-TVOS-Example.release.xcconfig */,
				B8D48236544AE33422C5AE21 /* Pods-TVOS-Tests.debug.xcconfig */,
				262EC3C61C949640A2CF8614 /* Pods-TVOS-Tests.release.xcconfig */,
			);
			name = Pods;
			sourceTree = "<group>";
		};
		607FACC71AFB9204008FA782 = {
			isa = PBXGroup;
			children = (
				607FACF51AFB993E008FA782 /* Podspec Metadata */,
				607FACD21AFB9204008FA782 /* iOS-Example */,
				92E8C40C1C4EFAC900759119 /* OSX-Example */,
				928CAACF1E5CCF9B002D52A1 /* TVOS-Example */,
				607FACE81AFB9204008FA782 /* Tests */,
				607FACD11AFB9204008FA782 /* Products */,
				350C5ABD2FAA176057674C48 /* Frameworks */,
				4B68BBFDD4C51AF3AF386E16 /* Pods */,
			);
			sourceTree = "<group>";
		};
		607FACD11AFB9204008FA782 /* Products */ = {
			isa = PBXGroup;
			children = (
				607FACD01AFB9204008FA782 /* iOS-Example.app */,
				607FACE51AFB9204008FA782 /* iOS-Tests.xctest */,
				92E8C40B1C4EFAC800759119 /* OSX-Example.app */,
				92E8C42D1C4EFC6900759119 /* OSX-Tests.xctest */,
				928CAAB61E5CCDF0002D52A1 /* TVOS-Example.app */,
				928CAACB1E5CCDFC002D52A1 /* TVOS-Tests.xctest */,
			);
			name = Products;
			sourceTree = "<group>";
		};
		607FACD21AFB9204008FA782 /* iOS-Example */ = {
			isa = PBXGroup;
			children = (
				92A2B7061C51857200CA1967 /* Default-568h@2x.png */,
				607FACD51AFB9204008FA782 /* AppDelegate.swift */,
				607FACD71AFB9204008FA782 /* ViewController.swift */,
				607FACD91AFB9204008FA782 /* Main.storyboard */,
				607FACDC1AFB9204008FA782 /* Images.xcassets */,
				607FACDE1AFB9204008FA782 /* LaunchScreen.xib */,
				607FACD31AFB9204008FA782 /* Supporting Files */,
			);
			path = "iOS-Example";
			sourceTree = "<group>";
		};
		607FACD31AFB9204008FA782 /* Supporting Files */ = {
			isa = PBXGroup;
			children = (
				607FACD41AFB9204008FA782 /* Info.plist */,
			);
			name = "Supporting Files";
			sourceTree = "<group>";
		};
		607FACE81AFB9204008FA782 /* Tests */ = {
			isa = PBXGroup;
			children = (
				92E8C3E91C4EF62400759119 /* AmazonS3ACLTests.swift */,
				92E8C3EA1C4EF62400759119 /* AmazonS3RequestManagerTests.swift */,
				92E8C3EB1C4EF62400759119 /* AmazonS3RequestSerializerTests.swift */,
				92E8C3EC1C4EF62400759119 /* AmazonS3ResponseSerializationTests.swift */,
				607FACE91AFB9204008FA782 /* Supporting Files */,
				92E8C3E81C4EF62300759119 /* AmazonS3RequestManager_Tests-Bridging-Header.h */,
				F3229E3E1C9D28D500848C84 /* AmazonS3ResponseObjectTests.swift */,
				F3DD8F0E1CBD1036008E8EB4 /* AmazonS3SignatureHelpersTests.swift */,
			);
			path = Tests;
			sourceTree = "<group>";
		};
		607FACE91AFB9204008FA782 /* Supporting Files */ = {
			isa = PBXGroup;
			children = (
				607FACEA1AFB9204008FA782 /* Info.plist */,
			);
			name = "Supporting Files";
			sourceTree = "<group>";
		};
		607FACF51AFB993E008FA782 /* Podspec Metadata */ = {
			isa = PBXGroup;
			children = (
				5FDEE5E53EEC87745C3E8955 /* AmazonS3RequestManager.podspec */,
				884ACA65B311A8F4DEF52C37 /* README.md */,
				42ED1C0C7E591FBEA515ED92 /* LICENSE */,
			);
			name = "Podspec Metadata";
			sourceTree = "<group>";
		};
		928CAACF1E5CCF9B002D52A1 /* TVOS-Example */ = {
			isa = PBXGroup;
			children = (
				928CAAD01E5CCF9B002D52A1 /* AppDelegate.swift */,
				928CAAD11E5CCF9B002D52A1 /* Assets.xcassets */,
				928CAAD51E5CCF9B002D52A1 /* ViewController.swift */,
				928CAACC1E5CCDFC002D52A1 /* Tests-Info.plist */,
				928CAADB1E5CD0B8002D52A1 /* Main.storyboard */,
				928CAADD1E5CD163002D52A1 /* Info.plist */,
			);
			path = "TVOS-Example";
			sourceTree = "<group>";
		};
		92E8C40C1C4EFAC900759119 /* OSX-Example */ = {
			isa = PBXGroup;
			children = (
				92E8C40D1C4EFAC900759119 /* AppDelegate.swift */,
				92E8C40F1C4EFAC900759119 /* ViewController.swift */,
				92E8C4111C4EFAC900759119 /* Assets.xcassets */,
				92E8C4131C4EFAC900759119 /* Main.storyboard */,
				92E8C4161C4EFAC900759119 /* Info.plist */,
			);
			path = "OSX-Example";
			sourceTree = "<group>";
		};
/* End PBXGroup section */

/* Begin PBXNativeTarget section */
		607FACCF1AFB9204008FA782 /* iOS-Example */ = {
			isa = PBXNativeTarget;
			buildConfigurationList = 607FACEF1AFB9204008FA782 /* Build configuration list for PBXNativeTarget "iOS-Example" */;
			buildPhases = (
				849CB1E9C1EB417C3845F76C /* [CP] Check Pods Manifest.lock */,
				607FACCC1AFB9204008FA782 /* Sources */,
				607FACCD1AFB9204008FA782 /* Frameworks */,
				607FACCE1AFB9204008FA782 /* Resources */,
				4072376732D1A8FDDD423336 /* [CP] Embed Pods Frameworks */,
				A7BCC4E94D106C14B5E2E20D /* [CP] Copy Pods Resources */,
			);
			buildRules = (
			);
			dependencies = (
			);
			name = "iOS-Example";
			productName = AmazonS3RequestManager;
			productReference = 607FACD01AFB9204008FA782 /* iOS-Example.app */;
			productType = "com.apple.product-type.application";
		};
		607FACE41AFB9204008FA782 /* iOS-Tests */ = {
			isa = PBXNativeTarget;
			buildConfigurationList = 607FACF21AFB9204008FA782 /* Build configuration list for PBXNativeTarget "iOS-Tests" */;
			buildPhases = (
				E2B5C04075A62EA939541164 /* [CP] Check Pods Manifest.lock */,
				607FACE11AFB9204008FA782 /* Sources */,
				607FACE21AFB9204008FA782 /* Frameworks */,
				607FACE31AFB9204008FA782 /* Resources */,
				0588DBB52EDA37F578E6CBEA /* [CP] Embed Pods Frameworks */,
				6A089EFB5DCDEDF2578DD2CB /* [CP] Copy Pods Resources */,
			);
			buildRules = (
			);
			dependencies = (
				607FACE71AFB9204008FA782 /* PBXTargetDependency */,
			);
			name = "iOS-Tests";
			productName = Tests;
			productReference = 607FACE51AFB9204008FA782 /* iOS-Tests.xctest */;
			productType = "com.apple.product-type.bundle.unit-test";
		};
		928CAAA71E5CCDF0002D52A1 /* TVOS-Example */ = {
			isa = PBXNativeTarget;
			buildConfigurationList = 928CAAB31E5CCDF0002D52A1 /* Build configuration list for PBXNativeTarget "TVOS-Example" */;
			buildPhases = (
				928CAAA81E5CCDF0002D52A1 /* [CP] Check Pods Manifest.lock */,
				928CAAA91E5CCDF0002D52A1 /* Sources */,
				928CAAAC1E5CCDF0002D52A1 /* Frameworks */,
				928CAAAE1E5CCDF0002D52A1 /* Resources */,
				928CAAB11E5CCDF0002D52A1 /* [CP] Embed Pods Frameworks */,
				928CAAB21E5CCDF0002D52A1 /* [CP] Copy Pods Resources */,
			);
			buildRules = (
			);
			dependencies = (
			);
			name = "TVOS-Example";
			productName = "OSX-Example";
			productReference = 928CAAB61E5CCDF0002D52A1 /* TVOS-Example.app */;
			productType = "com.apple.product-type.application";
		};
		928CAAB81E5CCDFC002D52A1 /* TVOS-Tests */ = {
			isa = PBXNativeTarget;
			buildConfigurationList = 928CAAC81E5CCDFC002D52A1 /* Build configuration list for PBXNativeTarget "TVOS-Tests" */;
			buildPhases = (
				928CAABB1E5CCDFC002D52A1 /* [CP] Check Pods Manifest.lock */,
				928CAABC1E5CCDFC002D52A1 /* Sources */,
				928CAAC31E5CCDFC002D52A1 /* Frameworks */,
				928CAAC51E5CCDFC002D52A1 /* Resources */,
				928CAAC61E5CCDFC002D52A1 /* [CP] Embed Pods Frameworks */,
				928CAAC71E5CCDFC002D52A1 /* [CP] Copy Pods Resources */,
			);
			buildRules = (
			);
			dependencies = (
				928CAACE1E5CCEEB002D52A1 /* PBXTargetDependency */,
			);
			name = "TVOS-Tests";
			productName = "OSX-Tests";
			productReference = 928CAACB1E5CCDFC002D52A1 /* TVOS-Tests.xctest */;
			productType = "com.apple.product-type.bundle.unit-test";
		};
		92E8C40A1C4EFAC800759119 /* OSX-Example */ = {
			isa = PBXNativeTarget;
			buildConfigurationList = 92E8C4171C4EFAC900759119 /* Build configuration list for PBXNativeTarget "OSX-Example" */;
			buildPhases = (
				4B4E5A6CD699156DBDCB3212 /* [CP] Check Pods Manifest.lock */,
				92E8C4071C4EFAC800759119 /* Sources */,
				92E8C4081C4EFAC800759119 /* Frameworks */,
				92E8C4091C4EFAC800759119 /* Resources */,
				650CE2B0FEB349A33B6E2938 /* [CP] Embed Pods Frameworks */,
				666A494D951F124068E691DE /* [CP] Copy Pods Resources */,
			);
			buildRules = (
			);
			dependencies = (
			);
			name = "OSX-Example";
			productName = "OSX-Example";
			productReference = 92E8C40B1C4EFAC800759119 /* OSX-Example.app */;
			productType = "com.apple.product-type.application";
		};
		92E8C42C1C4EFC6900759119 /* OSX-Tests */ = {
			isa = PBXNativeTarget;
			buildConfigurationList = 92E8C4341C4EFC6900759119 /* Build configuration list for PBXNativeTarget "OSX-Tests" */;
			buildPhases = (
				ABA9B79EF4B76A1AD99CBAAD /* [CP] Check Pods Manifest.lock */,
				92E8C4291C4EFC6900759119 /* Sources */,
				92E8C42A1C4EFC6900759119 /* Frameworks */,
				92E8C42B1C4EFC6900759119 /* Resources */,
				0F5BD9963C5A17C4FA8490AC /* [CP] Embed Pods Frameworks */,
				B4C347127998E5286225A885 /* [CP] Copy Pods Resources */,
			);
			buildRules = (
			);
			dependencies = (
				92E8C4331C4EFC6900759119 /* PBXTargetDependency */,
			);
			name = "OSX-Tests";
			productName = "OSX-Tests";
			productReference = 92E8C42D1C4EFC6900759119 /* OSX-Tests.xctest */;
			productType = "com.apple.product-type.bundle.unit-test";
		};
/* End PBXNativeTarget section */

/* Begin PBXProject section */
		607FACC81AFB9204008FA782 /* Project object */ = {
			isa = PBXProject;
			attributes = {
				LastSwiftUpdateCheck = 0720;
				LastUpgradeCheck = 0820;
				ORGANIZATIONNAME = CocoaPods;
				TargetAttributes = {
					607FACCF1AFB9204008FA782 = {
						CreatedOnToolsVersion = 6.3.1;
						LastSwiftMigration = 0800;
						ProvisioningStyle = Manual;
					};
					607FACE41AFB9204008FA782 = {
						CreatedOnToolsVersion = 6.3.1;
						LastSwiftMigration = 0800;
						ProvisioningStyle = Automatic;
						TestTargetID = 607FACCF1AFB9204008FA782;
					};
					928CAAB81E5CCDFC002D52A1 = {
						TestTargetID = 928CAAA71E5CCDF0002D52A1;
					};
					92E8C40A1C4EFAC800759119 = {
						CreatedOnToolsVersion = 7.2;
						LastSwiftMigration = 0800;
					};
					92E8C42C1C4EFC6900759119 = {
						CreatedOnToolsVersion = 7.2;
						LastSwiftMigration = 0800;
						TestTargetID = 92E8C40A1C4EFAC800759119;
					};
				};
			};
			buildConfigurationList = 607FACCB1AFB9204008FA782 /* Build configuration list for PBXProject "AmazonS3RequestManager" */;
			compatibilityVersion = "Xcode 3.2";
			developmentRegion = English;
			hasScannedForEncodings = 0;
			knownRegions = (
				en,
				Base,
			);
			mainGroup = 607FACC71AFB9204008FA782;
			productRefGroup = 607FACD11AFB9204008FA782 /* Products */;
			projectDirPath = "";
			projectRoot = "";
			targets = (
				607FACCF1AFB9204008FA782 /* iOS-Example */,
				607FACE41AFB9204008FA782 /* iOS-Tests */,
				92E8C40A1C4EFAC800759119 /* OSX-Example */,
				92E8C42C1C4EFC6900759119 /* OSX-Tests */,
				928CAAA71E5CCDF0002D52A1 /* TVOS-Example */,
				928CAAB81E5CCDFC002D52A1 /* TVOS-Tests */,
			);
		};
/* End PBXProject section */

/* Begin PBXResourcesBuildPhase section */
		607FACCE1AFB9204008FA782 /* Resources */ = {
			isa = PBXResourcesBuildPhase;
			buildActionMask = 2147483647;
			files = (
				607FACDB1AFB9204008FA782 /* Main.storyboard in Resources */,
				92A2B7071C51857200CA1967 /* Default-568h@2x.png in Resources */,
				607FACE01AFB9204008FA782 /* LaunchScreen.xib in Resources */,
				607FACDD1AFB9204008FA782 /* Images.xcassets in Resources */,
			);
			runOnlyForDeploymentPostprocessing = 0;
		};
		607FACE31AFB9204008FA782 /* Resources */ = {
			isa = PBXResourcesBuildPhase;
			buildActionMask = 2147483647;
			files = (
			);
			runOnlyForDeploymentPostprocessing = 0;
		};
		928CAAAE1E5CCDF0002D52A1 /* Resources */ = {
			isa = PBXResourcesBuildPhase;
			buildActionMask = 2147483647;
			files = (
				928CAAD71E5CCF9B002D52A1 /* Assets.xcassets in Resources */,
				928CAADC1E5CD0B8002D52A1 /* Main.storyboard in Resources */,
			);
			runOnlyForDeploymentPostprocessing = 0;
		};
		928CAAC51E5CCDFC002D52A1 /* Resources */ = {
			isa = PBXResourcesBuildPhase;
			buildActionMask = 2147483647;
			files = (
			);
			runOnlyForDeploymentPostprocessing = 0;
		};
		92E8C4091C4EFAC800759119 /* Resources */ = {
			isa = PBXResourcesBuildPhase;
			buildActionMask = 2147483647;
			files = (
				92E8C4121C4EFAC900759119 /* Assets.xcassets in Resources */,
				92E8C4151C4EFAC900759119 /* Main.storyboard in Resources */,
			);
			runOnlyForDeploymentPostprocessing = 0;
		};
		92E8C42B1C4EFC6900759119 /* Resources */ = {
			isa = PBXResourcesBuildPhase;
			buildActionMask = 2147483647;
			files = (
			);
			runOnlyForDeploymentPostprocessing = 0;
		};
/* End PBXResourcesBuildPhase section */

/* Begin PBXShellScriptBuildPhase section */
		0588DBB52EDA37F578E6CBEA /* [CP] Embed Pods Frameworks */ = {
			isa = PBXShellScriptBuildPhase;
			buildActionMask = 2147483647;
			files = (
			);
			inputPaths = (
			);
			name = "[CP] Embed Pods Frameworks";
			outputPaths = (
			);
			runOnlyForDeploymentPostprocessing = 0;
			shellPath = /bin/sh;
			shellScript = "\"${SRCROOT}/Pods/Target Support Files/Pods-iOS-Tests/Pods-iOS-Tests-frameworks.sh\"\n";
			showEnvVarsInLog = 0;
		};
		0F5BD9963C5A17C4FA8490AC /* [CP] Embed Pods Frameworks */ = {
			isa = PBXShellScriptBuildPhase;
			buildActionMask = 2147483647;
			files = (
			);
			inputPaths = (
			);
			name = "[CP] Embed Pods Frameworks";
			outputPaths = (
			);
			runOnlyForDeploymentPostprocessing = 0;
			shellPath = /bin/sh;
			shellScript = "\"${SRCROOT}/Pods/Target Support Files/Pods-OSX-Tests/Pods-OSX-Tests-frameworks.sh\"\n";
			showEnvVarsInLog = 0;
		};
		4072376732D1A8FDDD423336 /* [CP] Embed Pods Frameworks */ = {
			isa = PBXShellScriptBuildPhase;
			buildActionMask = 2147483647;
			files = (
			);
			inputPaths = (
			);
			name = "[CP] Embed Pods Frameworks";
			outputPaths = (
			);
			runOnlyForDeploymentPostprocessing = 0;
			shellPath = /bin/sh;
			shellScript = "\"${SRCROOT}/Pods/Target Support Files/Pods-iOS-Example/Pods-iOS-Example-frameworks.sh\"\n";
			showEnvVarsInLog = 0;
		};
		4B4E5A6CD699156DBDCB3212 /* [CP] Check Pods Manifest.lock */ = {
			isa = PBXShellScriptBuildPhase;
			buildActionMask = 2147483647;
			files = (
			);
			inputPaths = (
			);
			name = "[CP] Check Pods Manifest.lock";
			outputPaths = (
			);
			runOnlyForDeploymentPostprocessing = 0;
			shellPath = /bin/sh;
			shellScript = "diff \"${PODS_ROOT}/../Podfile.lock\" \"${PODS_ROOT}/Manifest.lock\" > /dev/null\nif [ $? != 0 ] ; then\n    # print error to STDERR\n    echo \"error: The sandbox is not in sync with the Podfile.lock. Run 'pod install' or update your CocoaPods installation.\" >&2\n    exit 1\nfi\n";
			showEnvVarsInLog = 0;
		};
		650CE2B0FEB349A33B6E2938 /* [CP] Embed Pods Frameworks */ = {
			isa = PBXShellScriptBuildPhase;
			buildActionMask = 2147483647;
			files = (
			);
			inputPaths = (
			);
			name = "[CP] Embed Pods Frameworks";
			outputPaths = (
			);
			runOnlyForDeploymentPostprocessing = 0;
			shellPath = /bin/sh;
			shellScript = "\"${SRCROOT}/Pods/Target Support Files/Pods-OSX-Example/Pods-OSX-Example-frameworks.sh\"\n";
			showEnvVarsInLog = 0;
		};
		666A494D951F124068E691DE /* [CP] Copy Pods Resources */ = {
			isa = PBXShellScriptBuildPhase;
			buildActionMask = 2147483647;
			files = (
			);
			inputPaths = (
			);
			name = "[CP] Copy Pods Resources";
			outputPaths = (
			);
			runOnlyForDeploymentPostprocessing = 0;
			shellPath = /bin/sh;
			shellScript = "\"${SRCROOT}/Pods/Target Support Files/Pods-OSX-Example/Pods-OSX-Example-resources.sh\"\n";
			showEnvVarsInLog = 0;
		};
		6A089EFB5DCDEDF2578DD2CB /* [CP] Copy Pods Resources */ = {
			isa = PBXShellScriptBuildPhase;
			buildActionMask = 2147483647;
			files = (
			);
			inputPaths = (
			);
			name = "[CP] Copy Pods Resources";
			outputPaths = (
			);
			runOnlyForDeploymentPostprocessing = 0;
			shellPath = /bin/sh;
			shellScript = "\"${SRCROOT}/Pods/Target Support Files/Pods-iOS-Tests/Pods-iOS-Tests-resources.sh\"\n";
			showEnvVarsInLog = 0;
		};
		849CB1E9C1EB417C3845F76C /* [CP] Check Pods Manifest.lock */ = {
			isa = PBXShellScriptBuildPhase;
			buildActionMask = 2147483647;
			files = (
			);
			inputPaths = (
			);
			name = "[CP] Check Pods Manifest.lock";
			outputPaths = (
			);
			runOnlyForDeploymentPostprocessing = 0;
			shellPath = /bin/sh;
			shellScript = "diff \"${PODS_ROOT}/../Podfile.lock\" \"${PODS_ROOT}/Manifest.lock\" > /dev/null\nif [ $? != 0 ] ; then\n    # print error to STDERR\n    echo \"error: The sandbox is not in sync with the Podfile.lock. Run 'pod install' or update your CocoaPods installation.\" >&2\n    exit 1\nfi\n";
			showEnvVarsInLog = 0;
		};
		928CAAA81E5CCDF0002D52A1 /* [CP] Check Pods Manifest.lock */ = {
			isa = PBXShellScriptBuildPhase;
			buildActionMask = 2147483647;
			files = (
			);
			inputPaths = (
			);
			name = "[CP] Check Pods Manifest.lock";
			outputPaths = (
			);
			runOnlyForDeploymentPostprocessing = 0;
			shellPath = /bin/sh;
			shellScript = "diff \"${PODS_ROOT}/../Podfile.lock\" \"${PODS_ROOT}/Manifest.lock\" > /dev/null\nif [ $? != 0 ] ; then\n    # print error to STDERR\n    echo \"error: The sandbox is not in sync with the Podfile.lock. Run 'pod install' or update your CocoaPods installation.\" >&2\n    exit 1\nfi\n";
			showEnvVarsInLog = 0;
		};
		928CAAB11E5CCDF0002D52A1 /* [CP] Embed Pods Frameworks */ = {
			isa = PBXShellScriptBuildPhase;
			buildActionMask = 2147483647;
			files = (
			);
			inputPaths = (
			);
			name = "[CP] Embed Pods Frameworks";
			outputPaths = (
			);
			runOnlyForDeploymentPostprocessing = 0;
			shellPath = /bin/sh;
			shellScript = "\"${SRCROOT}/Pods/Target Support Files/Pods-TVOS-Example/Pods-TVOS-Example-frameworks.sh\"\n";
			showEnvVarsInLog = 0;
		};
		928CAAB21E5CCDF0002D52A1 /* [CP] Copy Pods Resources */ = {
			isa = PBXShellScriptBuildPhase;
			buildActionMask = 2147483647;
			files = (
			);
			inputPaths = (
			);
			name = "[CP] Copy Pods Resources";
			outputPaths = (
			);
			runOnlyForDeploymentPostprocessing = 0;
			shellPath = /bin/sh;
			shellScript = "\"${SRCROOT}/Pods/Target Support Files/Pods-TVOS-Example/Pods-TVOS-Example-resources.sh\"\n";
			showEnvVarsInLog = 0;
		};
		928CAABB1E5CCDFC002D52A1 /* [CP] Check Pods Manifest.lock */ = {
			isa = PBXShellScriptBuildPhase;
			buildActionMask = 2147483647;
			files = (
			);
			inputPaths = (
			);
			name = "[CP] Check Pods Manifest.lock";
			outputPaths = (
			);
			runOnlyForDeploymentPostprocessing = 0;
			shellPath = /bin/sh;
			shellScript = "diff \"${PODS_ROOT}/../Podfile.lock\" \"${PODS_ROOT}/Manifest.lock\" > /dev/null\nif [ $? != 0 ] ; then\n    # print error to STDERR\n    echo \"error: The sandbox is not in sync with the Podfile.lock. Run 'pod install' or update your CocoaPods installation.\" >&2\n    exit 1\nfi\n";
			showEnvVarsInLog = 0;
		};
		928CAAC61E5CCDFC002D52A1 /* [CP] Embed Pods Frameworks */ = {
			isa = PBXShellScriptBuildPhase;
			buildActionMask = 2147483647;
			files = (
			);
			inputPaths = (
			);
			name = "[CP] Embed Pods Frameworks";
			outputPaths = (
			);
			runOnlyForDeploymentPostprocessing = 0;
			shellPath = /bin/sh;
			shellScript = "\"${SRCROOT}/Pods/Target Support Files/Pods-TVOS-Tests/Pods-TVOS-Tests-frameworks.sh\"\n";
			showEnvVarsInLog = 0;
		};
		928CAAC71E5CCDFC002D52A1 /* [CP] Copy Pods Resources */ = {
			isa = PBXShellScriptBuildPhase;
			buildActionMask = 2147483647;
			files = (
			);
			inputPaths = (
			);
			name = "[CP] Copy Pods Resources";
			outputPaths = (
			);
			runOnlyForDeploymentPostprocessing = 0;
			shellPath = /bin/sh;
			shellScript = "\"${SRCROOT}/Pods/Target Support Files/Pods-TVOS-Tests/Pods-TVOS-Tests-resources.sh\"\n";
			showEnvVarsInLog = 0;
		};
		A7BCC4E94D106C14B5E2E20D /* [CP] Copy Pods Resources */ = {
			isa = PBXShellScriptBuildPhase;
			buildActionMask = 2147483647;
			files = (
			);
			inputPaths = (
			);
			name = "[CP] Copy Pods Resources";
			outputPaths = (
			);
			runOnlyForDeploymentPostprocessing = 0;
			shellPath = /bin/sh;
			shellScript = "\"${SRCROOT}/Pods/Target Support Files/Pods-iOS-Example/Pods-iOS-Example-resources.sh\"\n";
			showEnvVarsInLog = 0;
		};
		ABA9B79EF4B76A1AD99CBAAD /* [CP] Check Pods Manifest.lock */ = {
			isa = PBXShellScriptBuildPhase;
			buildActionMask = 2147483647;
			files = (
			);
			inputPaths = (
			);
			name = "[CP] Check Pods Manifest.lock";
			outputPaths = (
			);
			runOnlyForDeploymentPostprocessing = 0;
			shellPath = /bin/sh;
			shellScript = "diff \"${PODS_ROOT}/../Podfile.lock\" \"${PODS_ROOT}/Manifest.lock\" > /dev/null\nif [ $? != 0 ] ; then\n    # print error to STDERR\n    echo \"error: The sandbox is not in sync with the Podfile.lock. Run 'pod install' or update your CocoaPods installation.\" >&2\n    exit 1\nfi\n";
			showEnvVarsInLog = 0;
		};
		B4C347127998E5286225A885 /* [CP] Copy Pods Resources */ = {
			isa = PBXShellScriptBuildPhase;
			buildActionMask = 2147483647;
			files = (
			);
			inputPaths = (
			);
			name = "[CP] Copy Pods Resources";
			outputPaths = (
			);
			runOnlyForDeploymentPostprocessing = 0;
			shellPath = /bin/sh;
			shellScript = "\"${SRCROOT}/Pods/Target Support Files/Pods-OSX-Tests/Pods-OSX-Tests-resources.sh\"\n";
			showEnvVarsInLog = 0;
		};
		E2B5C04075A62EA939541164 /* [CP] Check Pods Manifest.lock */ = {
			isa = PBXShellScriptBuildPhase;
			buildActionMask = 2147483647;
			files = (
			);
			inputPaths = (
			);
			name = "[CP] Check Pods Manifest.lock";
			outputPaths = (
			);
			runOnlyForDeploymentPostprocessing = 0;
			shellPath = /bin/sh;
			shellScript = "diff \"${PODS_ROOT}/../Podfile.lock\" \"${PODS_ROOT}/Manifest.lock\" > /dev/null\nif [ $? != 0 ] ; then\n    # print error to STDERR\n    echo \"error: The sandbox is not in sync with the Podfile.lock. Run 'pod install' or update your CocoaPods installation.\" >&2\n    exit 1\nfi\n";
			showEnvVarsInLog = 0;
		};
/* End PBXShellScriptBuildPhase section */

/* Begin PBXSourcesBuildPhase section */
		607FACCC1AFB9204008FA782 /* Sources */ = {
			isa = PBXSourcesBuildPhase;
			buildActionMask = 2147483647;
			files = (
				607FACD81AFB9204008FA782 /* ViewController.swift in Sources */,
				607FACD61AFB9204008FA782 /* AppDelegate.swift in Sources */,
			);
			runOnlyForDeploymentPostprocessing = 0;
		};
		607FACE11AFB9204008FA782 /* Sources */ = {
			isa = PBXSourcesBuildPhase;
			buildActionMask = 2147483647;
			files = (
				92E8C3EF1C4EF62400759119 /* AmazonS3RequestSerializerTests.swift in Sources */,
				F3229E3F1C9D28D600848C84 /* AmazonS3ResponseObjectTests.swift in Sources */,
				F3DD8F0F1CBD1036008E8EB4 /* AmazonS3SignatureHelpersTests.swift in Sources */,
				92E8C3ED1C4EF62400759119 /* AmazonS3ACLTests.swift in Sources */,
				92E8C3EE1C4EF62400759119 /* AmazonS3RequestManagerTests.swift in Sources */,
				92E8C3F01C4EF62400759119 /* AmazonS3ResponseSerializationTests.swift in Sources */,
			);
			runOnlyForDeploymentPostprocessing = 0;
		};
		928CAAA91E5CCDF0002D52A1 /* Sources */ = {
			isa = PBXSourcesBuildPhase;
			buildActionMask = 2147483647;
			files = (
				928CAAD61E5CCF9B002D52A1 /* AppDelegate.swift in Sources */,
				928CAADA1E5CCF9B002D52A1 /* ViewController.swift in Sources */,
			);
			runOnlyForDeploymentPostprocessing = 0;
		};
		928CAABC1E5CCDFC002D52A1 /* Sources */ = {
			isa = PBXSourcesBuildPhase;
			buildActionMask = 2147483647;
			files = (
				928CAABD1E5CCDFC002D52A1 /* AmazonS3ResponseSerializationTests.swift in Sources */,
				928CAABE1E5CCDFC002D52A1 /* AmazonS3ResponseObjectTests.swift in Sources */,
				928CAABF1E5CCDFC002D52A1 /* AmazonS3SignatureHelpersTests.swift in Sources */,
				928CAAC01E5CCDFC002D52A1 /* AmazonS3ACLTests.swift in Sources */,
				928CAAC11E5CCDFC002D52A1 /* AmazonS3RequestSerializerTests.swift in Sources */,
				928CAAC21E5CCDFC002D52A1 /* AmazonS3RequestManagerTests.swift in Sources */,
			);
			runOnlyForDeploymentPostprocessing = 0;
		};
		92E8C4071C4EFAC800759119 /* Sources */ = {
			isa = PBXSourcesBuildPhase;
			buildActionMask = 2147483647;
			files = (
				92E8C4101C4EFAC900759119 /* ViewController.swift in Sources */,
				92E8C40E1C4EFAC900759119 /* AppDelegate.swift in Sources */,
			);
			runOnlyForDeploymentPostprocessing = 0;
		};
		92E8C4291C4EFC6900759119 /* Sources */ = {
			isa = PBXSourcesBuildPhase;
			buildActionMask = 2147483647;
			files = (
				92E8C43A1C4EFD4A00759119 /* AmazonS3ResponseSerializationTests.swift in Sources */,
				F3229E401C9D28D600848C84 /* AmazonS3ResponseObjectTests.swift in Sources */,
				F3DD8F101CBD103C008E8EB4 /* AmazonS3SignatureHelpersTests.swift in Sources */,
				92E8C4371C4EFD4400759119 /* AmazonS3ACLTests.swift in Sources */,
				92E8C4391C4EFD4800759119 /* AmazonS3RequestSerializerTests.swift in Sources */,
				92E8C4381C4EFD4600759119 /* AmazonS3RequestManagerTests.swift in Sources */,
			);
			runOnlyForDeploymentPostprocessing = 0;
		};
/* End PBXSourcesBuildPhase section */

/* Begin PBXTargetDependency section */
		607FACE71AFB9204008FA782 /* PBXTargetDependency */ = {
			isa = PBXTargetDependency;
			target = 607FACCF1AFB9204008FA782 /* iOS-Example */;
			targetProxy = 607FACE61AFB9204008FA782 /* PBXContainerItemProxy */;
		};
		928CAACE1E5CCEEB002D52A1 /* PBXTargetDependency */ = {
			isa = PBXTargetDependency;
			target = 928CAAA71E5CCDF0002D52A1 /* TVOS-Example */;
			targetProxy = 928CAACD1E5CCEEB002D52A1 /* PBXContainerItemProxy */;
		};
		92E8C4331C4EFC6900759119 /* PBXTargetDependency */ = {
			isa = PBXTargetDependency;
			target = 92E8C40A1C4EFAC800759119 /* OSX-Example */;
			targetProxy = 92E8C4321C4EFC6900759119 /* PBXContainerItemProxy */;
		};
/* End PBXTargetDependency section */

/* Begin PBXVariantGroup section */
		607FACD91AFB9204008FA782 /* Main.storyboard */ = {
			isa = PBXVariantGroup;
			children = (
				607FACDA1AFB9204008FA782 /* Base */,
			);
			name = Main.storyboard;
			sourceTree = "<group>";
		};
		607FACDE1AFB9204008FA782 /* LaunchScreen.xib */ = {
			isa = PBXVariantGroup;
			children = (
				607FACDF1AFB9204008FA782 /* Base */,
			);
			name = LaunchScreen.xib;
			sourceTree = "<group>";
		};
		92E8C4131C4EFAC900759119 /* Main.storyboard */ = {
			isa = PBXVariantGroup;
			children = (
				92E8C4141C4EFAC900759119 /* Base */,
			);
			name = Main.storyboard;
			sourceTree = "<group>";
		};
/* End PBXVariantGroup section */

/* Begin XCBuildConfiguration section */
		607FACED1AFB9204008FA782 /* Debug */ = {
			isa = XCBuildConfiguration;
			buildSettings = {
				ALWAYS_SEARCH_USER_PATHS = NO;
				CLANG_CXX_LANGUAGE_STANDARD = "gnu++0x";
				CLANG_CXX_LIBRARY = "libc++";
				CLANG_ENABLE_MODULES = YES;
				CLANG_ENABLE_OBJC_ARC = YES;
				CLANG_WARN_BOOL_CONVERSION = YES;
				CLANG_WARN_CONSTANT_CONVERSION = YES;
				CLANG_WARN_DIRECT_OBJC_ISA_USAGE = YES_ERROR;
				CLANG_WARN_EMPTY_BODY = YES;
				CLANG_WARN_ENUM_CONVERSION = YES;
				CLANG_WARN_INFINITE_RECURSION = YES;
				CLANG_WARN_INT_CONVERSION = YES;
				CLANG_WARN_OBJC_ROOT_CLASS = YES_ERROR;
				CLANG_WARN_SUSPICIOUS_MOVE = YES;
				CLANG_WARN_UNREACHABLE_CODE = YES;
				CLANG_WARN__DUPLICATE_METHOD_MATCH = YES;
				"CODE_SIGN_IDENTITY[sdk=iphoneos*]" = "iPhone Developer";
				COPY_PHASE_STRIP = NO;
				DEBUG_INFORMATION_FORMAT = "dwarf-with-dsym";
				ENABLE_STRICT_OBJC_MSGSEND = YES;
				ENABLE_TESTABILITY = YES;
				GCC_C_LANGUAGE_STANDARD = gnu99;
				GCC_DYNAMIC_NO_PIC = NO;
				GCC_NO_COMMON_BLOCKS = YES;
				GCC_OPTIMIZATION_LEVEL = 0;
				GCC_PREPROCESSOR_DEFINITIONS = (
					"DEBUG=1",
					"$(inherited)",
				);
				GCC_SYMBOLS_PRIVATE_EXTERN = NO;
				GCC_WARN_64_TO_32_BIT_CONVERSION = YES;
				GCC_WARN_ABOUT_RETURN_TYPE = YES_ERROR;
				GCC_WARN_UNDECLARED_SELECTOR = YES;
				GCC_WARN_UNINITIALIZED_AUTOS = YES_AGGRESSIVE;
				GCC_WARN_UNUSED_FUNCTION = YES;
				GCC_WARN_UNUSED_VARIABLE = YES;
				IPHONEOS_DEPLOYMENT_TARGET = 8.0;
				MACOSX_DEPLOYMENT_TARGET = 10.11;
				MTL_ENABLE_DEBUG_INFO = YES;
				ONLY_ACTIVE_ARCH = YES;
				SDKROOT = iphoneos;
				SWIFT_OPTIMIZATION_LEVEL = "-Onone";
			};
			name = Debug;
		};
		607FACEE1AFB9204008FA782 /* Release */ = {
			isa = XCBuildConfiguration;
			buildSettings = {
				ALWAYS_SEARCH_USER_PATHS = NO;
				CLANG_CXX_LANGUAGE_STANDARD = "gnu++0x";
				CLANG_CXX_LIBRARY = "libc++";
				CLANG_ENABLE_MODULES = YES;
				CLANG_ENABLE_OBJC_ARC = YES;
				CLANG_WARN_BOOL_CONVERSION = YES;
				CLANG_WARN_CONSTANT_CONVERSION = YES;
				CLANG_WARN_DIRECT_OBJC_ISA_USAGE = YES_ERROR;
				CLANG_WARN_EMPTY_BODY = YES;
				CLANG_WARN_ENUM_CONVERSION = YES;
				CLANG_WARN_INFINITE_RECURSION = YES;
				CLANG_WARN_INT_CONVERSION = YES;
				CLANG_WARN_OBJC_ROOT_CLASS = YES_ERROR;
				CLANG_WARN_SUSPICIOUS_MOVE = YES;
				CLANG_WARN_UNREACHABLE_CODE = YES;
				CLANG_WARN__DUPLICATE_METHOD_MATCH = YES;
				"CODE_SIGN_IDENTITY[sdk=iphoneos*]" = "iPhone Developer";
				COPY_PHASE_STRIP = NO;
				DEBUG_INFORMATION_FORMAT = "dwarf-with-dsym";
				ENABLE_NS_ASSERTIONS = NO;
				ENABLE_STRICT_OBJC_MSGSEND = YES;
				GCC_C_LANGUAGE_STANDARD = gnu99;
				GCC_NO_COMMON_BLOCKS = YES;
				GCC_WARN_64_TO_32_BIT_CONVERSION = YES;
				GCC_WARN_ABOUT_RETURN_TYPE = YES_ERROR;
				GCC_WARN_UNDECLARED_SELECTOR = YES;
				GCC_WARN_UNINITIALIZED_AUTOS = YES_AGGRESSIVE;
				GCC_WARN_UNUSED_FUNCTION = YES;
				GCC_WARN_UNUSED_VARIABLE = YES;
				IPHONEOS_DEPLOYMENT_TARGET = 8.0;
				MACOSX_DEPLOYMENT_TARGET = 10.11;
				MTL_ENABLE_DEBUG_INFO = NO;
				SDKROOT = iphoneos;
				SWIFT_OPTIMIZATION_LEVEL = "-Owholemodule";
				VALIDATE_PRODUCT = YES;
			};
			name = Release;
		};
		607FACF01AFB9204008FA782 /* Debug */ = {
			isa = XCBuildConfiguration;
			baseConfigurationReference = BC6FB0ECAAFF3E2559974573 /* Pods-iOS-Example.debug.xcconfig */;
			buildSettings = {
				ASSETCATALOG_COMPILER_APPICON_NAME = AppIcon;
				DEVELOPMENT_TEAM = "";
				INFOPLIST_FILE = "iOS-Example/Info.plist";
				LD_RUNPATH_SEARCH_PATHS = "$(inherited) @executable_path/Frameworks";
				MODULE_NAME = ExampleApp;
				PRODUCT_BUNDLE_IDENTIFIER = "org.cocoapods.demo.$(PRODUCT_NAME:rfc1034identifier)";
				PRODUCT_NAME = "$(TARGET_NAME)";
				SUPPORTED_PLATFORMS = "iphonesimulator iphoneos";
				SWIFT_VERSION = 3.0;
				TARGETED_DEVICE_FAMILY = "1,2";
			};
			name = Debug;
		};
		607FACF11AFB9204008FA782 /* Release */ = {
			isa = XCBuildConfiguration;
			baseConfigurationReference = E396FE314E31F937E620C9AA /* Pods-iOS-Example.release.xcconfig */;
			buildSettings = {
				ASSETCATALOG_COMPILER_APPICON_NAME = AppIcon;
				DEVELOPMENT_TEAM = "";
				INFOPLIST_FILE = "iOS-Example/Info.plist";
				LD_RUNPATH_SEARCH_PATHS = "$(inherited) @executable_path/Frameworks";
				MODULE_NAME = ExampleApp;
				PRODUCT_BUNDLE_IDENTIFIER = "org.cocoapods.demo.$(PRODUCT_NAME:rfc1034identifier)";
				PRODUCT_NAME = "$(TARGET_NAME)";
				SUPPORTED_PLATFORMS = "iphonesimulator iphoneos";
				SWIFT_VERSION = 3.0;
				TARGETED_DEVICE_FAMILY = "1,2";
			};
			name = Release;
		};
		607FACF31AFB9204008FA782 /* Debug */ = {
			isa = XCBuildConfiguration;
			baseConfigurationReference = 0680D3D24BE67FEDA1EC7996 /* Pods-iOS-Tests.debug.xcconfig */;
			buildSettings = {
				BUNDLE_LOADER = "$(TEST_HOST)";
				CLANG_ENABLE_MODULES = YES;
				"CODE_SIGN_IDENTITY[sdk=iphoneos*]" = "";
				DEVELOPMENT_TEAM = "";
				GCC_PREPROCESSOR_DEFINITIONS = (
					"DEBUG=1",
					"$(inherited)",
				);
				INFOPLIST_FILE = Tests/Info.plist;
				LD_RUNPATH_SEARCH_PATHS = "$(inherited) @executable_path/Frameworks @loader_path/Frameworks";
				PRODUCT_BUNDLE_IDENTIFIER = "org.cocoapods.$(PRODUCT_NAME:rfc1034identifier)";
				PRODUCT_NAME = "$(TARGET_NAME)";
				SWIFT_OBJC_BRIDGING_HEADER = "Tests/AmazonS3RequestManager_Tests-Bridging-Header.h";
				SWIFT_OPTIMIZATION_LEVEL = "-Onone";
				SWIFT_VERSION = 3.0;
				TEST_HOST = "$(BUILT_PRODUCTS_DIR)/iOS-Example.app/iOS-Example";
			};
			name = Debug;
		};
		607FACF41AFB9204008FA782 /* Release */ = {
			isa = XCBuildConfiguration;
			baseConfigurationReference = C4B9B05E3E793204AA44A7DC /* Pods-iOS-Tests.release.xcconfig */;
			buildSettings = {
				BUNDLE_LOADER = "$(TEST_HOST)";
				CLANG_ENABLE_MODULES = YES;
				"CODE_SIGN_IDENTITY[sdk=iphoneos*]" = "";
				DEVELOPMENT_TEAM = "";
				INFOPLIST_FILE = Tests/Info.plist;
				LD_RUNPATH_SEARCH_PATHS = "$(inherited) @executable_path/Frameworks @loader_path/Frameworks";
				PRODUCT_BUNDLE_IDENTIFIER = "org.cocoapods.$(PRODUCT_NAME:rfc1034identifier)";
				PRODUCT_NAME = "$(TARGET_NAME)";
				SWIFT_OBJC_BRIDGING_HEADER = "Tests/AmazonS3RequestManager_Tests-Bridging-Header.h";
				SWIFT_VERSION = 3.0;
				TEST_HOST = "$(BUILT_PRODUCTS_DIR)/iOS-Example.app/iOS-Example";
			};
			name = Release;
		};
		928CAAB41E5CCDF0002D52A1 /* Debug */ = {
			isa = XCBuildConfiguration;
			baseConfigurationReference = 245B0C4C641B7737D33F5A7D /* Pods-TVOS-Example.debug.xcconfig */;
			buildSettings = {
				CODE_SIGN_IDENTITY = "-";
				COMBINE_HIDPI_IMAGES = YES;
				DEBUG_INFORMATION_FORMAT = dwarf;
				INFOPLIST_FILE = "TVOS-Example/Info.plist";
				LD_RUNPATH_SEARCH_PATHS = "$(inherited) @executable_path/../Frameworks";
				MACOSX_DEPLOYMENT_TARGET = 10.10;
				PRODUCT_BUNDLE_IDENTIFIER = "com.anthonymdev.OSX-Example";
				PRODUCT_NAME = "$(TARGET_NAME)";
				SDKROOT = appletvos;
				SWIFT_VERSION = 3.0;
				TVOS_DEPLOYMENT_TARGET = 10.1;
			};
			name = Debug;
		};
		928CAAB51E5CCDF0002D52A1 /* Release */ = {
			isa = XCBuildConfiguration;
			baseConfigurationReference = 69547BB8FA50E70AE38BD859 /* Pods-TVOS-Example.release.xcconfig */;
			buildSettings = {
				CODE_SIGN_IDENTITY = "-";
				COMBINE_HIDPI_IMAGES = YES;
				INFOPLIST_FILE = "TVOS-Example/Info.plist";
				LD_RUNPATH_SEARCH_PATHS = "$(inherited) @executable_path/../Frameworks";
				MACOSX_DEPLOYMENT_TARGET = 10.10;
				PRODUCT_BUNDLE_IDENTIFIER = "com.anthonymdev.OSX-Example";
				PRODUCT_NAME = "$(TARGET_NAME)";
				SDKROOT = appletvos;
				SWIFT_VERSION = 3.0;
				TVOS_DEPLOYMENT_TARGET = 10.1;
			};
			name = Release;
		};
		928CAAC91E5CCDFC002D52A1 /* Debug */ = {
			isa = XCBuildConfiguration;
			baseConfigurationReference = B8D48236544AE33422C5AE21 /* Pods-TVOS-Tests.debug.xcconfig */;
			buildSettings = {
				BUNDLE_LOADER = "$(TEST_HOST)";
				CODE_SIGN_IDENTITY = "-";
				COMBINE_HIDPI_IMAGES = YES;
				DEBUG_INFORMATION_FORMAT = dwarf;
				INFOPLIST_FILE = "TVOS-Example/Tests-Info.plist";
				LD_RUNPATH_SEARCH_PATHS = "$(inherited) @executable_path/../Frameworks @loader_path/../Frameworks";
				MACOSX_DEPLOYMENT_TARGET = 10.11;
				PRODUCT_BUNDLE_IDENTIFIER = "com.anthonymdev.OSX-Tests";
				PRODUCT_NAME = "$(TARGET_NAME)";
				SDKROOT = appletvos10.1;
				SWIFT_VERSION = 3.0;
				TEST_HOST = "$(BUILT_PRODUCTS_DIR)/TVOS-Example.app/TVOS-Example";
			};
			name = Debug;
		};
		928CAACA1E5CCDFC002D52A1 /* Release */ = {
			isa = XCBuildConfiguration;
			baseConfigurationReference = 262EC3C61C949640A2CF8614 /* Pods-TVOS-Tests.release.xcconfig */;
			buildSettings = {
				BUNDLE_LOADER = "$(TEST_HOST)";
				CODE_SIGN_IDENTITY = "-";
				COMBINE_HIDPI_IMAGES = YES;
				INFOPLIST_FILE = "TVOS-Example/Tests-Info.plist";
				LD_RUNPATH_SEARCH_PATHS = "$(inherited) @executable_path/../Frameworks @loader_path/../Frameworks";
				MACOSX_DEPLOYMENT_TARGET = 10.11;
				PRODUCT_BUNDLE_IDENTIFIER = "com.anthonymdev.OSX-Tests";
				PRODUCT_NAME = "$(TARGET_NAME)";
				SDKROOT = appletvos10.1;
				SWIFT_VERSION = 3.0;
				TEST_HOST = "$(BUILT_PRODUCTS_DIR)/TVOS-Example.app/TVOS-Example";
			};
			name = Release;
		};
		92E8C4181C4EFAC900759119 /* Debug */ = {
			isa = XCBuildConfiguration;
			baseConfigurationReference = 54F114E238385B6BDB61CB26 /* Pods-OSX-Example.debug.xcconfig */;
			buildSettings = {
				ASSETCATALOG_COMPILER_APPICON_NAME = AppIcon;
				CODE_SIGN_IDENTITY = "-";
				COMBINE_HIDPI_IMAGES = YES;
				DEBUG_INFORMATION_FORMAT = dwarf;
				INFOPLIST_FILE = "OSX-Example/Info.plist";
				LD_RUNPATH_SEARCH_PATHS = "$(inherited) @executable_path/../Frameworks";
				MACOSX_DEPLOYMENT_TARGET = 10.10;
				PRODUCT_BUNDLE_IDENTIFIER = "com.anthonymdev.OSX-Example";
				PRODUCT_NAME = "$(TARGET_NAME)";
				SDKROOT = macosx;
				SWIFT_VERSION = 3.0;
			};
			name = Debug;
		};
		92E8C4191C4EFAC900759119 /* Release */ = {
			isa = XCBuildConfiguration;
			baseConfigurationReference = 02727C1A32FF9467F6726C11 /* Pods-OSX-Example.release.xcconfig */;
			buildSettings = {
				ASSETCATALOG_COMPILER_APPICON_NAME = AppIcon;
				CODE_SIGN_IDENTITY = "-";
				COMBINE_HIDPI_IMAGES = YES;
				INFOPLIST_FILE = "OSX-Example/Info.plist";
				LD_RUNPATH_SEARCH_PATHS = "$(inherited) @executable_path/../Frameworks";
				MACOSX_DEPLOYMENT_TARGET = 10.10;
				PRODUCT_BUNDLE_IDENTIFIER = "com.anthonymdev.OSX-Example";
				PRODUCT_NAME = "$(TARGET_NAME)";
				SDKROOT = macosx;
				SWIFT_VERSION = 3.0;
			};
			name = Release;
		};
		92E8C4351C4EFC6900759119 /* Debug */ = {
			isa = XCBuildConfiguration;
			baseConfigurationReference = C3E90E04E7DB02EAE2348E8F /* Pods-OSX-Tests.debug.xcconfig */;
			buildSettings = {
				BUNDLE_LOADER = "$(TEST_HOST)";
				CODE_SIGN_IDENTITY = "-";
				COMBINE_HIDPI_IMAGES = YES;
				DEBUG_INFORMATION_FORMAT = dwarf;
				INFOPLIST_FILE = Tests/Info.plist;
				LD_RUNPATH_SEARCH_PATHS = "$(inherited) @executable_path/../Frameworks @loader_path/../Frameworks";
				MACOSX_DEPLOYMENT_TARGET = 10.11;
				PRODUCT_BUNDLE_IDENTIFIER = "com.anthonymdev.OSX-Tests";
				PRODUCT_NAME = "$(TARGET_NAME)";
				SDKROOT = macosx;
				SWIFT_VERSION = 3.0;
				TEST_HOST = "$(BUILT_PRODUCTS_DIR)/OSX-Example.app/Contents/MacOS/OSX-Example";
			};
			name = Debug;
		};
		92E8C4361C4EFC6900759119 /* Release */ = {
			isa = XCBuildConfiguration;
			baseConfigurationReference = F46BDD70BF9914C03C8E0DE5 /* Pods-OSX-Tests.release.xcconfig */;
			buildSettings = {
				BUNDLE_LOADER = "$(TEST_HOST)";
				CODE_SIGN_IDENTITY = "-";
				COMBINE_HIDPI_IMAGES = YES;
				INFOPLIST_FILE = Tests/Info.plist;
				LD_RUNPATH_SEARCH_PATHS = "$(inherited) @executable_path/../Frameworks @loader_path/../Frameworks";
				MACOSX_DEPLOYMENT_TARGET = 10.11;
				PRODUCT_BUNDLE_IDENTIFIER = "com.anthonymdev.OSX-Tests";
				PRODUCT_NAME = "$(TARGET_NAME)";
				SDKROOT = macosx;
				SWIFT_VERSION = 3.0;
				TEST_HOST = "$(BUILT_PRODUCTS_DIR)/OSX-Example.app/Contents/MacOS/OSX-Example";
			};
			name = Release;
		};
/* End XCBuildConfiguration section */

/* Begin XCConfigurationList section */
		607FACCB1AFB9204008FA782 /* Build configuration list for PBXProject "AmazonS3RequestManager" */ = {
			isa = XCConfigurationList;
			buildConfigurations = (
				607FACED1AFB9204008FA782 /* Debug */,
				607FACEE1AFB9204008FA782 /* Release */,
			);
			defaultConfigurationIsVisible = 0;
			defaultConfigurationName = Release;
		};
		607FACEF1AFB9204008FA782 /* Build configuration list for PBXNativeTarget "iOS-Example" */ = {
			isa = XCConfigurationList;
			buildConfigurations = (
				607FACF01AFB9204008FA782 /* Debug */,
				607FACF11AFB9204008FA782 /* Release */,
			);
			defaultConfigurationIsVisible = 0;
			defaultConfigurationName = Release;
		};
		607FACF21AFB9204008FA782 /* Build configuration list for PBXNativeTarget "iOS-Tests" */ = {
			isa = XCConfigurationList;
			buildConfigurations = (
				607FACF31AFB9204008FA782 /* Debug */,
				607FACF41AFB9204008FA782 /* Release */,
			);
			defaultConfigurationIsVisible = 0;
			defaultConfigurationName = Release;
		};
		928CAAB31E5CCDF0002D52A1 /* Build configuration list for PBXNativeTarget "TVOS-Example" */ = {
			isa = XCConfigurationList;
			buildConfigurations = (
				928CAAB41E5CCDF0002D52A1 /* Debug */,
				928CAAB51E5CCDF0002D52A1 /* Release */,
			);
			defaultConfigurationIsVisible = 0;
			defaultConfigurationName = Release;
		};
		928CAAC81E5CCDFC002D52A1 /* Build configuration list for PBXNativeTarget "TVOS-Tests" */ = {
			isa = XCConfigurationList;
			buildConfigurations = (
				928CAAC91E5CCDFC002D52A1 /* Debug */,
				928CAACA1E5CCDFC002D52A1 /* Release */,
			);
			defaultConfigurationIsVisible = 0;
			defaultConfigurationName = Release;
		};
		92E8C4171C4EFAC900759119 /* Build configuration list for PBXNativeTarget "OSX-Example" */ = {
			isa = XCConfigurationList;
			buildConfigurations = (
				92E8C4181C4EFAC900759119 /* Debug */,
				92E8C4191C4EFAC900759119 /* Release */,
			);
			defaultConfigurationIsVisible = 0;
			defaultConfigurationName = Release;
		};
		92E8C4341C4EFC6900759119 /* Build configuration list for PBXNativeTarget "OSX-Tests" */ = {
			isa = XCConfigurationList;
			buildConfigurations = (
				92E8C4351C4EFC6900759119 /* Debug */,
				92E8C4361C4EFC6900759119 /* Release */,
			);
			defaultConfigurationIsVisible = 0;
			defaultConfigurationName = Release;
		};
/* End XCConfigurationList section */
	};
	rootObject = 607FACC81AFB9204008FA782 /* Project object */;
}
